
Microsoft Visual Studio Solution File, Format Version 12.00
# Visual Studio 2017
Project("{FAE04EC0-301F-11D3-BF4B-00C04F79EFBC}") = "Unity1-master", "Unity1-master.csproj", "{2454AA2E-D191-F230-FFE2-557447F3F856}"
EndProject
Global
	GlobalSection(SolutionConfigurationPlatforms) = preSolution
		Debug|Any CPU = Debug|Any CPU
		Release|Any CPU = Release|Any CPU
	EndGlobalSection
	GlobalSection(ProjectConfigurationPlatforms) = postSolution
		{2454AA2E-D191-F230-FFE2-557447F3F856}.Debug|Any CPU.ActiveCfg = Debug|Any CPU
		{2454AA2E-D191-F230-FFE2-557447F3F856}.Debug|Any CPU.Build.0 = Debug|Any CPU
		{2454AA2E-D191-F230-FFE2-557447F3F856}.Release|Any CPU.ActiveCfg = Release|Any CPU
		{2454AA2E-D191-F230-FFE2-557447F3F856}.Release|Any CPU.Build.0 = Release|Any CPU
	EndGlobalSection
	GlobalSection(SolutionProperties) = preSolution
		HideSolutionNode = FALSE
	EndGlobalSection
EndGlobal
